
Microsoft Visual Studio Solution File, Format Version 12.00
# Visual Studio Version 16
VisualStudioVersion = 16.0.29613.14
MinimumVisualStudioVersion = 10.0.40219.1
Project("{FAE04EC0-301F-11D3-BF4B-00C04F79EFBC}") = "ImageUploadToDBWithDotnetCore", "ImageUploadToDBWithDotnetCore.csproj", "{18145D1B-12C9-4CC7-8A53-A42BE32C36B2}"
EndProject
Global
	GlobalSection(SolutionConfigurationPlatforms) = preSolution
		Debug|Any CPU = Debug|Any CPU
		Release|Any CPU = Release|Any CPU
	EndGlobalSection
	GlobalSection(ProjectConfigurationPlatforms) = postSolution
		{18145D1B-12C9-4CC7-8A53-A42BE32C36B2}.Debug|Any CPU.ActiveCfg = Debug|Any CPU
		{18145D1B-12C9-4CC7-8A53-A42BE32C36B2}.Debug|Any CPU.Build.0 = Debug|Any CPU
		{18145D1B-12C9-4CC7-8A53-A42BE32C36B2}.Release|Any CPU.ActiveCfg = Release|Any CPU
		{18145D1B-12C9-4CC7-8A53-A42BE32C36B2}.Release|Any CPU.Build.0 = Release|Any CPU
	EndGlobalSection
	GlobalSection(SolutionProperties) = preSolution
		HideSolutionNode = FALSE
	EndGlobalSection
	GlobalSection(ExtensibilityGlobals) = postSolution
		SolutionGuid = {DF2F7A6B-73C5-4C55-87F2-A55066C5FA68}
	EndGlobalSection
EndGlobal
